
Microsoft Visual Studio Solution File, Format Version 12.00
# Visual Studio Version 17
VisualStudioVersion = 17.7.34024.191
MinimumVisualStudioVersion = 10.0.40219.1
Project("{FAE04EC0-301F-11D3-BF4B-00C04F79EFBC}") = "kutuphane", "kutuphane\kutuphane.csproj", "{328E96C1-BC50-4CFA-AB5D-C5BE152CD848}"
EndProject
Global
	GlobalSection(SolutionConfigurationPlatforms) = preSolution
		Debug|Any CPU = Debug|Any CPU
		Release|Any CPU = Release|Any CPU
	EndGlobalSection
	GlobalSection(ProjectConfigurationPlatforms) = postSolution
		{328E96C1-BC50-4CFA-AB5D-C5BE152CD848}.Debug|Any CPU.ActiveCfg = Debug|Any CPU
		{328E96C1-BC50-4CFA-AB5D-C5BE152CD848}.Debug|Any CPU.Build.0 = Debug|Any CPU
		{328E96C1-BC50-4CFA-AB5D-C5BE152CD848}.Release|Any CPU.ActiveCfg = Release|Any CPU
		{328E96C1-BC50-4CFA-AB5D-C5BE152CD848}.Release|Any CPU.Build.0 = Release|Any CPU
	EndGlobalSection
	GlobalSection(SolutionProperties) = preSolution
		HideSolutionNode = FALSE
	EndGlobalSection
	GlobalSection(ExtensibilityGlobals) = postSolution
		SolutionGuid = {C56F8B5C-D310-4458-BD73-008463961B1B}
	EndGlobalSection
EndGlobal
